
Microsoft Visual Studio Solution File, Format Version 12.00
# Visual Studio Version 17
VisualStudioVersion = 17.6.33829.357
MinimumVisualStudioVersion = 10.0.40219.1
Project("{9A19103F-16F7-4668-BE54-9A1E7A4F7556}") = "PlatformWebService", "PlatformWebService\PlatformWebService.csproj", "{14C2BC26-7DAE-4E1E-9D68-9652C9163D17}"
EndProject
Global
	GlobalSection(SolutionConfigurationPlatforms) = preSolution
		Debug|Any CPU = Debug|Any CPU
		Release|Any CPU = Release|Any CPU
	EndGlobalSection
	GlobalSection(ProjectConfigurationPlatforms) = postSolution
		{14C2BC26-7DAE-4E1E-9D68-9652C9163D17}.Debug|Any CPU.ActiveCfg = Debug|Any CPU
		{14C2BC26-7DAE-4E1E-9D68-9652C9163D17}.Debug|Any CPU.Build.0 = Debug|Any CPU
		{14C2BC26-7DAE-4E1E-9D68-9652C9163D17}.Release|Any CPU.ActiveCfg = Release|Any CPU
		{14C2BC26-7DAE-4E1E-9D68-9652C9163D17}.Release|Any CPU.Build.0 = Release|Any CPU
	EndGlobalSection
	GlobalSection(SolutionProperties) = preSolution
		HideSolutionNode = FALSE
	EndGlobalSection
	GlobalSection(ExtensibilityGlobals) = postSolution
		SolutionGuid = {890A0654-DD52-4D15-9252-86AB3BB0C754}
	EndGlobalSection
EndGlobal
